// !$*UTF8*$!
{
	archiveVersion = 1;
	classes = {
	};
	objectVersion = 48;
	objects = {

/* Begin PBXBuildFile section */
		3BE41C1E1FE7686C004F4D25 /* main.cpp in Sources */ = {isa = PBXBuildFile; fileRef = 3BE41C1D1FE7686C004F4D25 /* main.cpp */; };
		3BE41C261FE768BC004F4D25 /* OpenGL.framework in Frameworks */ = {isa = PBXBuildFile; fileRef = 3BE41C251FE768BC004F4D25 /* OpenGL.framework */; };
		3BE41C281FE768F0004F4D25 /* libGLEW.2.1.0.dylib in Frameworks */ = {isa = PBXBuildFile; fileRef = 3BE41C271FE768F0004F4D25 /* libGLEW.2.1.0.dylib */; };
		3BE41C2A1FE7692A004F4D25 /* libglfw.3.2.dylib in Frameworks */ = {isa = PBXBuildFile; fileRef = 3BE41C291FE7692A004F4D25 /* libglfw.3.2.dylib */; };
		3BE41C2D1FE7851F004F4D25 /* Ray.cpp in Sources */ = {isa = PBXBuildFile; fileRef = 3BE41C2B1FE7851F004F4D25 /* Ray.cpp */; };
		3BE41C5A1FF68D80004F4D25 /* FileReader.cpp in Sources */ = {isa = PBXBuildFile; fileRef = 3BE41C581FF68D80004F4D25 /* FileReader.cpp */; };
		3BE41C5D1FF6936F004F4D25 /* Object.cpp in Sources */ = {isa = PBXBuildFile; fileRef = 3BE41C5B1FF6936F004F4D25 /* Object.cpp */; };
		3BE41C611FF694A8004F4D25 /* Plane.cpp in Sources */ = {isa = PBXBuildFile; fileRef = 3BE41C5F1FF694A8004F4D25 /* Plane.cpp */; };
		3BE41C641FF70091004F4D25 /* Sphere.cpp in Sources */ = {isa = PBXBuildFile; fileRef = 3BE41C621FF70091004F4D25 /* Sphere.cpp */; };
		3BE41C671FF70539004F4D25 /* Triangle.cpp in Sources */ = {isa = PBXBuildFile; fileRef = 3BE41C651FF70539004F4D25 /* Triangle.cpp */; };
		3BE41C6B1FF8797C004F4D25 /* DataReader.cpp in Sources */ = {isa = PBXBuildFile; fileRef = 3BE41C691FF8797C004F4D25 /* DataReader.cpp */; };
		3BE41C6E1FF87A0C004F4D25 /* Camera.cpp in Sources */ = {isa = PBXBuildFile; fileRef = 3BE41C6C1FF87A0C004F4D25 /* Camera.cpp */; };
		3BE41C711FF87A71004F4D25 /* Light.cpp in Sources */ = {isa = PBXBuildFile; fileRef = 3BE41C6F1FF87A71004F4D25 /* Light.cpp */; };
/* End PBXBuildFile section */

/* Begin PBXCopyFilesBuildPhase section */
		3BE41C181FE7686C004F4D25 /* CopyFiles */ = {
			isa = PBXCopyFilesBuildPhase;
			buildActionMask = 2147483647;
			dstPath = /usr/share/man/man1/;
			dstSubfolderSpec = 0;
			files = (
			);
			runOnlyForDeploymentPostprocessing = 1;
		};
/* End PBXCopyFilesBuildPhase section */

/* Begin PBXFileReference section */
		3BE41C1A1FE7686C004F4D25 /* GLFW OpenGL */ = {isa = PBXFileReference; explicitFileType = "compiled.mach-o.executable"; includeInIndex = 0; path = "GLFW OpenGL"; sourceTree = BUILT_PRODUCTS_DIR; };
		3BE41C1D1FE7686C004F4D25 /* main.cpp */ = {isa = PBXFileReference; lastKnownFileType = sourcecode.cpp.cpp; path = main.cpp; sourceTree = "<group>"; };
		3BE41C251FE768BC004F4D25 /* OpenGL.framework */ = {isa = PBXFileReference; lastKnownFileType = wrapper.framework; name = OpenGL.framework; path = System/Library/Frameworks/OpenGL.framework; sourceTree = SDKROOT; };
		3BE41C271FE768F0004F4D25 /* libGLEW.2.1.0.dylib */ = {isa = PBXFileReference; lastKnownFileType = "compiled.mach-o.dylib"; name = libGLEW.2.1.0.dylib; path = ../../../../../usr/local/Cellar/glew/2.1.0/lib/libGLEW.2.1.0.dylib; sourceTree = "<group>"; };
		3BE41C291FE7692A004F4D25 /* libglfw.3.2.dylib */ = {isa = PBXFileReference; lastKnownFileType = "compiled.mach-o.dylib"; name = libglfw.3.2.dylib; path = ../../../../../usr/local/Cellar/glfw/3.2.1/lib/libglfw.3.2.dylib; sourceTree = "<group>"; };
		3BE41C2B1FE7851F004F4D25 /* Ray.cpp */ = {isa = PBXFileReference; lastKnownFileType = sourcecode.cpp.cpp; path = Ray.cpp; sourceTree = "<group>"; };
		3BE41C2C1FE7851F004F4D25 /* Ray.hpp */ = {isa = PBXFileReference; lastKnownFileType = sourcecode.cpp.h; path = Ray.hpp; sourceTree = "<group>"; };
		3BE41C581FF68D80004F4D25 /* FileReader.cpp */ = {isa = PBXFileReference; lastKnownFileType = sourcecode.cpp.cpp; path = FileReader.cpp; sourceTree = "<group>"; };
		3BE41C591FF68D80004F4D25 /* FileReader.hpp */ = {isa = PBXFileReference; lastKnownFileType = sourcecode.cpp.h; path = FileReader.hpp; sourceTree = "<group>"; };
		3BE41C5B1FF6936F004F4D25 /* Object.cpp */ = {isa = PBXFileReference; lastKnownFileType = sourcecode.cpp.cpp; path = Object.cpp; sourceTree = "<group>"; };
		3BE41C5C1FF6936F004F4D25 /* Object.hpp */ = {isa = PBXFileReference; lastKnownFileType = sourcecode.cpp.h; path = Object.hpp; sourceTree = "<group>"; };
		3BE41C5F1FF694A8004F4D25 /* Plane.cpp */ = {isa = PBXFileReference; lastKnownFileType = sourcecode.cpp.cpp; path = Plane.cpp; sourceTree = "<group>"; };
		3BE41C601FF694A8004F4D25 /* Plane.hpp */ = {isa = PBXFileReference; lastKnownFileType = sourcecode.cpp.h; path = Plane.hpp; sourceTree = "<group>"; };
		3BE41C621FF70091004F4D25 /* Sphere.cpp */ = {isa = PBXFileReference; lastKnownFileType = sourcecode.cpp.cpp; path = Sphere.cpp; sourceTree = "<group>"; };
		3BE41C631FF70091004F4D25 /* Sphere.hpp */ = {isa = PBXFileReference; lastKnownFileType = sourcecode.cpp.h; path = Sphere.hpp; sourceTree = "<group>"; };
		3BE41C651FF70539004F4D25 /* Triangle.cpp */ = {isa = PBXFileReference; lastKnownFileType = sourcecode.cpp.cpp; path = Triangle.cpp; sourceTree = "<group>"; };
		3BE41C661FF70539004F4D25 /* Triangle.hpp */ = {isa = PBXFileReference; lastKnownFileType = sourcecode.cpp.h; path = Triangle.hpp; sourceTree = "<group>"; };
		3BE41C691FF8797C004F4D25 /* DataReader.cpp */ = {isa = PBXFileReference; lastKnownFileType = sourcecode.cpp.cpp; path = DataReader.cpp; sourceTree = "<group>"; };
		3BE41C6A1FF8797C004F4D25 /* DataReader.hpp */ = {isa = PBXFileReference; lastKnownFileType = sourcecode.cpp.h; path = DataReader.hpp; sourceTree = "<group>"; };
		3BE41C6C1FF87A0C004F4D25 /* Camera.cpp */ = {isa = PBXFileReference; lastKnownFileType = sourcecode.cpp.cpp; path = Camera.cpp; sourceTree = "<group>"; };
		3BE41C6D1FF87A0C004F4D25 /* Camera.hpp */ = {isa = PBXFileReference; lastKnownFileType = sourcecode.cpp.h; path = Camera.hpp; sourceTree = "<group>"; };
		3BE41C6F1FF87A71004F4D25 /* Light.cpp */ = {isa = PBXFileReference; lastKnownFileType = sourcecode.cpp.cpp; path = Light.cpp; sourceTree = "<group>"; };
		3BE41C701FF87A71004F4D25 /* Light.hpp */ = {isa = PBXFileReference; lastKnownFileType = sourcecode.cpp.h; path = Light.hpp; sourceTree = "<group>"; };
/* End PBXFileReference section */

/* Begin PBXFrameworksBuildPhase section */
		3BE41C171FE7686C004F4D25 /* Frameworks */ = {
			isa = PBXFrameworksBuildPhase;
			buildActionMask = 2147483647;
			files = (
				3BE41C2A1FE7692A004F4D25 /* libglfw.3.2.dylib in Frameworks */,
				3BE41C281FE768F0004F4D25 /* libGLEW.2.1.0.dylib in Frameworks */,
				3BE41C261FE768BC004F4D25 /* OpenGL.framework in Frameworks */,
			);
			runOnlyForDeploymentPostprocessing = 0;
		};
/* End PBXFrameworksBuildPhase section */

/* Begin PBXGroup section */
		3BE41C111FE7686C004F4D25 = {
			isa = PBXGroup;
			children = (
				3BE41C1C1FE7686C004F4D25 /* GLFW OpenGL */,
				3BE41C1B1FE7686C004F4D25 /* Products */,
				3BE41C241FE768BC004F4D25 /* Frameworks */,
			);
			sourceTree = "<group>";
		};
		3BE41C1B1FE7686C004F4D25 /* Products */ = {
			isa = PBXGroup;
			children = (
				3BE41C1A1FE7686C004F4D25 /* GLFW OpenGL */,
			);
			name = Products;
			sourceTree = "<group>";
		};
		3BE41C1C1FE7686C004F4D25 /* GLFW OpenGL */ = {
			isa = PBXGroup;
			children = (
				3BE41C681FF708F5004F4D25 /* FileReader */,
				3BE41C5E1FF69489004F4D25 /* Objects */,
				3BE41C1D1FE7686C004F4D25 /* main.cpp */,
				3BE41C2B1FE7851F004F4D25 /* Ray.cpp */,
				3BE41C2C1FE7851F004F4D25 /* Ray.hpp */,
				3BE41C6C1FF87A0C004F4D25 /* Camera.cpp */,
				3BE41C6D1FF87A0C004F4D25 /* Camera.hpp */,
				3BE41C6F1FF87A71004F4D25 /* Light.cpp */,
				3BE41C701FF87A71004F4D25 /* Light.hpp */,
			);
			path = "GLFW OpenGL";
			sourceTree = "<group>";
		};
		3BE41C241FE768BC004F4D25 /* Frameworks */ = {
			isa = PBXGroup;
			children = (
				3BE41C291FE7692A004F4D25 /* libglfw.3.2.dylib */,
				3BE41C271FE768F0004F4D25 /* libGLEW.2.1.0.dylib */,
				3BE41C251FE768BC004F4D25 /* OpenGL.framework */,
			);
			name = Frameworks;
			sourceTree = "<group>";
		};
		3BE41C5E1FF69489004F4D25 /* Objects */ = {
			isa = PBXGroup;
			children = (
				3BE41C5B1FF6936F004F4D25 /* Object.cpp */,
				3BE41C5C1FF6936F004F4D25 /* Object.hpp */,
				3BE41C5F1FF694A8004F4D25 /* Plane.cpp */,
				3BE41C601FF694A8004F4D25 /* Plane.hpp */,
				3BE41C621FF70091004F4D25 /* Sphere.cpp */,
				3BE41C631FF70091004F4D25 /* Sphere.hpp */,
				3BE41C651FF70539004F4D25 /* Triangle.cpp */,
				3BE41C661FF70539004F4D25 /* Triangle.hpp */,
			);
			path = Objects;
			sourceTree = "<group>";
		};
		3BE41C681FF708F5004F4D25 /* FileReader */ = {
			isa = PBXGroup;
			children = (
				3BE41C581FF68D80004F4D25 /* FileReader.cpp */,
				3BE41C591FF68D80004F4D25 /* FileReader.hpp */,
				3BE41C691FF8797C004F4D25 /* DataReader.cpp */,
				3BE41C6A1FF8797C004F4D25 /* DataReader.hpp */,
			);
			path = FileReader;
			sourceTree = "<group>";
		};
/* End PBXGroup section */

/* Begin PBXNativeTarget section */
		3BE41C191FE7686C004F4D25 /* GLFW OpenGL */ = {
			isa = PBXNativeTarget;
			buildConfigurationList = 3BE41C211FE7686C004F4D25 /* Build configuration list for PBXNativeTarget "GLFW OpenGL" */;
			buildPhases = (
				3BE41C161FE7686C004F4D25 /* Sources */,
				3BE41C171FE7686C004F4D25 /* Frameworks */,
				3BE41C181FE7686C004F4D25 /* CopyFiles */,
			);
			buildRules = (
			);
			dependencies = (
			);
			name = "GLFW OpenGL";
			productName = "GLFW OpenGL";
			productReference = 3BE41C1A1FE7686C004F4D25 /* GLFW OpenGL */;
			productType = "com.apple.product-type.tool";
		};
/* End PBXNativeTarget section */

/* Begin PBXProject section */
		3BE41C121FE7686C004F4D25 /* Project object */ = {
			isa = PBXProject;
			attributes = {
				LastUpgradeCheck = 0920;
				ORGANIZATIONNAME = "Kevin Ye";
				TargetAttributes = {
					3BE41C191FE7686C004F4D25 = {
						CreatedOnToolsVersion = 9.2;
						ProvisioningStyle = Automatic;
					};
				};
			};
			buildConfigurationList = 3BE41C151FE7686C004F4D25 /* Build configuration list for PBXProject "GLFW OpenGL" */;
			compatibilityVersion = "Xcode 8.0";
			developmentRegion = en;
			hasScannedForEncodings = 0;
			knownRegions = (
				en,
			);
			mainGroup = 3BE41C111FE7686C004F4D25;
			productRefGroup = 3BE41C1B1FE7686C004F4D25 /* Products */;
			projectDirPath = "";
			projectRoot = "";
			targets = (
				3BE41C191FE7686C004F4D25 /* GLFW OpenGL */,
			);
		};
/* End PBXProject section */

/* Begin PBXSourcesBuildPhase section */
		3BE41C161FE7686C004F4D25 /* Sources */ = {
			isa = PBXSourcesBuildPhase;
			buildActionMask = 2147483647;
			files = (
				3BE41C711FF87A71004F4D25 /* Light.cpp in Sources */,
				3BE41C2D1FE7851F004F4D25 /* Ray.cpp in Sources */,
				3BE41C5A1FF68D80004F4D25 /* FileReader.cpp in Sources */,
				3BE41C611FF694A8004F4D25 /* Plane.cpp in Sources */,
				3BE41C671FF70539004F4D25 /* Triangle.cpp in Sources */,
				3BE41C6E1FF87A0C004F4D25 /* Camera.cpp in Sources */,
				3BE41C6B1FF8797C004F4D25 /* DataReader.cpp in Sources */,
				3BE41C5D1FF6936F004F4D25 /* Object.cpp in Sources */,
				3BE41C641FF70091004F4D25 /* Sphere.cpp in Sources */,
				3BE41C1E1FE7686C004F4D25 /* main.cpp in Sources */,
			);
			runOnlyForDeploymentPostprocessing = 0;
		};
/* End PBXSourcesBuildPhase section */

/* Begin XCBuildConfiguration section */
		3BE41C1F1FE7686C004F4D25 /* Debug */ = {
			isa = XCBuildConfiguration;
			buildSettings = {
				ALWAYS_SEARCH_USER_PATHS = NO;
				CLANG_ANALYZER_NONNULL = YES;
				CLANG_ANALYZER_NUMBER_OBJECT_CONVERSION = YES_AGGRESSIVE;
				CLANG_CXX_LANGUAGE_STANDARD = "gnu++14";
				CLANG_CXX_LIBRARY = "libc++";
				CLANG_ENABLE_MODULES = YES;
				CLANG_ENABLE_OBJC_ARC = YES;
				CLANG_WARN_BLOCK_CAPTURE_AUTORELEASING = YES;
				CLANG_WARN_BOOL_CONVERSION = YES;
				CLANG_WARN_COMMA = YES;
				CLANG_WARN_CONSTANT_CONVERSION = YES;
				CLANG_WARN_DIRECT_OBJC_ISA_USAGE = YES_ERROR;
				CLANG_WARN_DOCUMENTATION_COMMENTS = YES;
				CLANG_WARN_EMPTY_BODY = YES;
				CLANG_WARN_ENUM_CONVERSION = YES;
				CLANG_WARN_INFINITE_RECURSION = YES;
				CLANG_WARN_INT_CONVERSION = YES;
				CLANG_WARN_NON_LITERAL_NULL_CONVERSION = YES;
				CLANG_WARN_OBJC_LITERAL_CONVERSION = YES;
				CLANG_WARN_OBJC_ROOT_CLASS = YES_ERROR;
				CLANG_WARN_RANGE_LOOP_ANALYSIS = YES;
				CLANG_WARN_STRICT_PROTOTYPES = YES;
				CLANG_WARN_SUSPICIOUS_MOVE = YES;
				CLANG_WARN_UNGUARDED_AVAILABILITY = YES_AGGRESSIVE;
				CLANG_WARN_UNREACHABLE_CODE = YES;
				CLANG_WARN__DUPLICATE_METHOD_MATCH = YES;
				CODE_SIGN_IDENTITY = "-";
				COPY_PHASE_STRIP = NO;
				DEBUG_INFORMATION_FORMAT = dwarf;
				ENABLE_STRICT_OBJC_MSGSEND = YES;
				ENABLE_TESTABILITY = YES;
				GCC_C_LANGUAGE_STANDARD = gnu11;
				GCC_DYNAMIC_NO_PIC = NO;
				GCC_NO_COMMON_BLOCKS = YES;
				GCC_OPTIMIZATION_LEVEL = 0;
				GCC_PREPROCESSOR_DEFINITIONS = (
					"DEBUG=1",
					"$(inherited)",
				);
				GCC_WARN_64_TO_32_BIT_CONVERSION = YES;
				GCC_WARN_ABOUT_RETURN_TYPE = YES_ERROR;
				GCC_WARN_UNDECLARED_SELECTOR = YES;
				GCC_WARN_UNINITIALIZED_AUTOS = YES_AGGRESSIVE;
				GCC_WARN_UNUSED_FUNCTION = YES;
				GCC_WARN_UNUSED_VARIABLE = YES;
				MACOSX_DEPLOYMENT_TARGET = 10.13;
				MTL_ENABLE_DEBUG_INFO = YES;
				ONLY_ACTIVE_ARCH = YES;
				SDKROOT = macosx;
			};
			name = Debug;
		};
		3BE41C201FE7686C004F4D25 /* Release */ = {
			isa = XCBuildConfiguration;
			buildSettings = {
				ALWAYS_SEARCH_USER_PATHS = NO;
				CLANG_ANALYZER_NONNULL = YES;
				CLANG_ANALYZER_NUMBER_OBJECT_CONVERSION = YES_AGGRESSIVE;
				CLANG_CXX_LANGUAGE_STANDARD = "gnu++14";
				CLANG_CXX_LIBRARY = "libc++";
				CLANG_ENABLE_MODULES = YES;
				CLANG_ENABLE_OBJC_ARC = YES;
				CLANG_WARN_BLOCK_CAPTURE_AUTORELEASING = YES;
				CLANG_WARN_BOOL_CONVERSION = YES;
				CLANG_WARN_COMMA = YES;
				CLANG_WARN_CONSTANT_CONVERSION = YES;
				CLANG_WARN_DIRECT_OBJC_ISA_USAGE = YES_ERROR;
				CLANG_WARN_DOCUMENTATION_COMMENTS = YES;
				CLANG_WARN_EMPTY_BODY = YES;
				CLANG_WARN_ENUM_CONVERSION = YES;
				CLANG_WARN_INFINITE_RECURSION = YES;
				CLANG_WARN_INT_CONVERSION = YES;
				CLANG_WARN_NON_LITERAL_NULL_CONVERSION = YES;
				CLANG_WARN_OBJC_LITERAL_CONVERSION = YES;
				CLANG_WARN_OBJC_ROOT_CLASS = YES_ERROR;
				CLANG_WARN_RANGE_LOOP_ANALYSIS = YES;
				CLANG_WARN_STRICT_PROTOTYPES = YES;
				CLANG_WARN_SUSPICIOUS_MOVE = YES;
				CLANG_WARN_UNGUARDED_AVAILABILITY = YES_AGGRESSIVE;
				CLANG_WARN_UNREACHABLE_CODE = YES;
				CLANG_WARN__DUPLICATE_METHOD_MATCH = YES;
				CODE_SIGN_IDENTITY = "-";
				COPY_PHASE_STRIP = NO;
				DEBUG_INFORMATION_FORMAT = "dwarf-with-dsym";
				ENABLE_NS_ASSERTIONS = NO;
				ENABLE_STRICT_OBJC_MSGSEND = YES;
				GCC_C_LANGUAGE_STANDARD = gnu11;
				GCC_NO_COMMON_BLOCKS = YES;
				GCC_WARN_64_TO_32_BIT_CONVERSION = YES;
				GCC_WARN_ABOUT_RETURN_TYPE = YES_ERROR;
				GCC_WARN_UNDECLARED_SELECTOR = YES;
				GCC_WARN_UNINITIALIZED_AUTOS = YES_AGGRESSIVE;
				GCC_WARN_UNUSED_FUNCTION = YES;
				GCC_WARN_UNUSED_VARIABLE = YES;
				MACOSX_DEPLOYMENT_TARGET = 10.13;
				MTL_ENABLE_DEBUG_INFO = NO;
				SDKROOT = macosx;
			};
			name = Release;
		};
		3BE41C221FE7686C004F4D25 /* Debug */ = {
			isa = XCBuildConfiguration;
			buildSettings = {
				CODE_SIGN_STYLE = Automatic;
				HEADER_SEARCH_PATHS = (
					/usr/local/include,
					/usr/local/include/glm,
				);
				LIBRARY_SEARCH_PATHS = (
					"$(inherited)",
					/usr/local/Cellar/glew/2.1.0/lib,
					/usr/local/Cellar/glfw/3.2.1/lib,
				);
				PRODUCT_NAME = "$(TARGET_NAME)";
			};
			name = Debug;
		};
		3BE41C231FE7686C004F4D25 /* Release */ = {
			isa = XCBuildConfiguration;
			buildSettings = {
				CODE_SIGN_STYLE = Automatic;
				HEADER_SEARCH_PATHS = (
					/usr/local/include,
					/usr/local/include/glm,
				);
				LIBRARY_SEARCH_PATHS = (
					"$(inherited)",
					/usr/local/Cellar/glew/2.1.0/lib,
					/usr/local/Cellar/glfw/3.2.1/lib,
				);
				PRODUCT_NAME = "$(TARGET_NAME)";
			};
			name = Release;
		};
/* End XCBuildConfiguration section */

/* Begin XCConfigurationList section */
		3BE41C151FE7686C004F4D25 /* Build configuration list for PBXProject "GLFW OpenGL" */ = {
			isa = XCConfigurationList;
			buildConfigurations = (
				3BE41C1F1FE7686C004F4D25 /* Debug */,
				3BE41C201FE7686C004F4D25 /* Release */,
			);
			defaultConfigurationIsVisible = 0;
			defaultConfigurationName = Release;
		};
		3BE41C211FE7686C004F4D25 /* Build configuration list for PBXNativeTarget "GLFW OpenGL" */ = {
			isa = XCConfigurationList;
			buildConfigurations = (
				3BE41C221FE7686C004F4D25 /* Debug */,
				3BE41C231FE7686C004F4D25 /* Release */,
			);
			defaultConfigurationIsVisible = 0;
			defaultConfigurationName = Release;
		};
/* End XCConfigurationList section */
	};
	rootObject = 3BE41C121FE7686C004F4D25 /* Project object */;
}
